
Microsoft Visual Studio Solution File, Format Version 12.00
# Visual Studio Version 17
VisualStudioVersion = 17.12.35527.113
MinimumVisualStudioVersion = 10.0.40219.1
Project("{2150E333-8FDC-42A3-9474-1A3956D46DE8}") = "Services", "Services", "{91E68953-B9B9-4E04-9943-71CD46701A36}"
EndProject
Project("{2150E333-8FDC-42A3-9474-1A3956D46DE8}") = "Catalog", "Catalog", "{B16D76A5-9C20-45CF-B071-471D8DF4341D}"
EndProject
Project("{FAE04EC0-301F-11D3-BF4B-00C04F79EFBC}") = "Catalog.API", "Services\Catalog\Catalog.API\Catalog.API.csproj", "{2D6114BF-8B8C-4F83-851F-EF60739B57E8}"
EndProject
Project("{FAE04EC0-301F-11D3-BF4B-00C04F79EFBC}") = "Catalog.Application", "Services\Catalog\Catalog.Application\Catalog.Application.csproj", "{8F22233E-B89E-4CC2-AC73-B2D127F725B9}"
EndProject
Project("{FAE04EC0-301F-11D3-BF4B-00C04F79EFBC}") = "Catalog.Core", "Services\Catalog\Catalog.Core\Catalog.Core.csproj", "{69A836AC-48BC-47C0-A523-F33B0C94A9C1}"
EndProject
Project("{FAE04EC0-301F-11D3-BF4B-00C04F79EFBC}") = "Catalog.Infrastructure", "Services\Catalog\Catalog.Infrastructure\Catalog.Infrastructure.csproj", "{2C9EF5B0-DD8D-4ADE-A4C9-4BC65DBAA04F}"
EndProject
Project("{E53339B2-1760-4266-BCC7-CA923CBCF16C}") = "docker-compose", "docker-compose.dcproj", "{2ED00468-DF6B-46F2-8871-09FECB9CB903}"
EndProject
Project("{2150E333-8FDC-42A3-9474-1A3956D46DE8}") = "Basket", "Basket", "{DB726AAD-1826-44EA-AA29-98FC65E5648E}"
EndProject
Project("{FAE04EC0-301F-11D3-BF4B-00C04F79EFBC}") = "Basket.API", "Services\Basket\Basket.API\Basket.API.csproj", "{00ECFF45-5A81-47D5-B038-A90D32A48CCA}"
EndProject
Project("{FAE04EC0-301F-11D3-BF4B-00C04F79EFBC}") = "Basket.Application", "Services\Basket\Basket.Application\Basket.Application.csproj", "{18E96188-C8A0-41FE-84CA-2BD508B6A2A5}"
EndProject
Project("{FAE04EC0-301F-11D3-BF4B-00C04F79EFBC}") = "Basket.Core", "Services\Basket\Basket.Core\Basket.Core.csproj", "{B3E7617D-F8E8-467B-9B27-8C083C9F826A}"
EndProject
Project("{FAE04EC0-301F-11D3-BF4B-00C04F79EFBC}") = "Basket.Infrastructure", "Services\Basket\Basket.Infrastructure\Basket.Infrastructure.csproj", "{6F94BCB5-B157-40B4-8B44-4AFD2926453A}"
EndProject
Project("{2150E333-8FDC-42A3-9474-1A3956D46DE8}") = "Discount", "Discount", "{0C04E7CC-42F8-4CA1-A770-3721E6E00C18}"
EndProject
Project("{FAE04EC0-301F-11D3-BF4B-00C04F79EFBC}") = "Discount.API", "Services\Discount\Discount.API\Discount.API.csproj", "{63A4FFDF-AD37-4793-8863-653618E87F65}"
EndProject
Project("{FAE04EC0-301F-11D3-BF4B-00C04F79EFBC}") = "Discount.Application", "Services\Discount\Discount.Application\Discount.Application.csproj", "{9698DCA4-7E19-4AB1-902F-27DBFD1E3D0A}"
EndProject
Project("{FAE04EC0-301F-11D3-BF4B-00C04F79EFBC}") = "Discount.Infrastructure", "Services\Discount\Discount.Infrastructure\Discount.Infrastructure.csproj", "{50618B35-AEBE-4A03-A1B2-376467B361D6}"
EndProject
Project("{FAE04EC0-301F-11D3-BF4B-00C04F79EFBC}") = "Discount.Core", "Services\Discount\Discount.Core\Discount.Core.csproj", "{48FAEA9C-0E2A-47EF-B710-BC079762F6AF}"
EndProject
Project("{2150E333-8FDC-42A3-9474-1A3956D46DE8}") = "Ordering", "Ordering", "{07934136-FAA3-4401-A821-F1C5917AFE45}"
EndProject
Project("{FAE04EC0-301F-11D3-BF4B-00C04F79EFBC}") = "Ordering.API", "Services\Ordering\Ordering.API\Ordering.API.csproj", "{28C4FF21-E889-443A-BD5D-B00BF6BE0CC8}"
EndProject
Project("{FAE04EC0-301F-11D3-BF4B-00C04F79EFBC}") = "Ordering.Core", "Services\Ordering\Ordering.Core\Ordering.Core.csproj", "{1A25C90F-602B-442C-99F8-5AFD7595CC38}"
EndProject
Project("{FAE04EC0-301F-11D3-BF4B-00C04F79EFBC}") = "Ordering.Application", "Services\Ordering\Ordering.Application\Ordering.Application.csproj", "{B055FB89-3E74-40F1-9F92-911C62221E6B}"
EndProject
Project("{FAE04EC0-301F-11D3-BF4B-00C04F79EFBC}") = "Ordering.Infrastructure", "Services\Ordering\Ordering.Infrastructure\Ordering.Infrastructure.csproj", "{F5ED6EBD-0EB8-4A92-85FB-953106919C4B}"
EndProject
Project("{2150E333-8FDC-42A3-9474-1A3956D46DE8}") = "Infrastructure", "Infrastructure", "{B0E3E29F-6F3B-4A39-A74B-B86C8819F2F2}"
EndProject
Project("{FAE04EC0-301F-11D3-BF4B-00C04F79EFBC}") = "EventBus.Messages", "Infrastructure\EventBus.Messages\EventBus.Messages.csproj", "{2CD672C9-3548-4A21-9267-DF40EC55F835}"
EndProject
Project("{FAE04EC0-301F-11D3-BF4B-00C04F79EFBC}") = "Common.Logging", "Infrastructure\Common.Logging\Common.Logging.csproj", "{E19EDCF0-65E1-47A8-AE55-C0663DF6DFAC}"
EndProject
Global
	GlobalSection(SolutionConfigurationPlatforms) = preSolution
		Debug|Any CPU = Debug|Any CPU
		Release|Any CPU = Release|Any CPU
	EndGlobalSection
	GlobalSection(ProjectConfigurationPlatforms) = postSolution
		{2D6114BF-8B8C-4F83-851F-EF60739B57E8}.Debug|Any CPU.ActiveCfg = Debug|Any CPU
		{2D6114BF-8B8C-4F83-851F-EF60739B57E8}.Debug|Any CPU.Build.0 = Debug|Any CPU
		{2D6114BF-8B8C-4F83-851F-EF60739B57E8}.Release|Any CPU.ActiveCfg = Release|Any CPU
		{2D6114BF-8B8C-4F83-851F-EF60739B57E8}.Release|Any CPU.Build.0 = Release|Any CPU
		{8F22233E-B89E-4CC2-AC73-B2D127F725B9}.Debug|Any CPU.ActiveCfg = Debug|Any CPU
		{8F22233E-B89E-4CC2-AC73-B2D127F725B9}.Debug|Any CPU.Build.0 = Debug|Any CPU
		{8F22233E-B89E-4CC2-AC73-B2D127F725B9}.Release|Any CPU.ActiveCfg = Release|Any CPU
		{8F22233E-B89E-4CC2-AC73-B2D127F725B9}.Release|Any CPU.Build.0 = Release|Any CPU
		{69A836AC-48BC-47C0-A523-F33B0C94A9C1}.Debug|Any CPU.ActiveCfg = Debug|Any CPU
		{69A836AC-48BC-47C0-A523-F33B0C94A9C1}.Debug|Any CPU.Build.0 = Debug|Any CPU
		{69A836AC-48BC-47C0-A523-F33B0C94A9C1}.Release|Any CPU.ActiveCfg = Release|Any CPU
		{69A836AC-48BC-47C0-A523-F33B0C94A9C1}.Release|Any CPU.Build.0 = Release|Any CPU
		{2C9EF5B0-DD8D-4ADE-A4C9-4BC65DBAA04F}.Debug|Any CPU.ActiveCfg = Debug|Any CPU
		{2C9EF5B0-DD8D-4ADE-A4C9-4BC65DBAA04F}.Debug|Any CPU.Build.0 = Debug|Any CPU
		{2C9EF5B0-DD8D-4ADE-A4C9-4BC65DBAA04F}.Release|Any CPU.ActiveCfg = Release|Any CPU
		{2C9EF5B0-DD8D-4ADE-A4C9-4BC65DBAA04F}.Release|Any CPU.Build.0 = Release|Any CPU
		{2ED00468-DF6B-46F2-8871-09FECB9CB903}.Debug|Any CPU.ActiveCfg = Debug|Any CPU
		{2ED00468-DF6B-46F2-8871-09FECB9CB903}.Debug|Any CPU.Build.0 = Debug|Any CPU
		{2ED00468-DF6B-46F2-8871-09FECB9CB903}.Release|Any CPU.ActiveCfg = Release|Any CPU
		{2ED00468-DF6B-46F2-8871-09FECB9CB903}.Release|Any CPU.Build.0 = Release|Any CPU
		{00ECFF45-5A81-47D5-B038-A90D32A48CCA}.Debug|Any CPU.ActiveCfg = Debug|Any CPU
		{00ECFF45-5A81-47D5-B038-A90D32A48CCA}.Debug|Any CPU.Build.0 = Debug|Any CPU
		{00ECFF45-5A81-47D5-B038-A90D32A48CCA}.Release|Any CPU.ActiveCfg = Release|Any CPU
		{00ECFF45-5A81-47D5-B038-A90D32A48CCA}.Release|Any CPU.Build.0 = Release|Any CPU
		{18E96188-C8A0-41FE-84CA-2BD508B6A2A5}.Debug|Any CPU.ActiveCfg = Debug|Any CPU
		{18E96188-C8A0-41FE-84CA-2BD508B6A2A5}.Debug|Any CPU.Build.0 = Debug|Any CPU
		{18E96188-C8A0-41FE-84CA-2BD508B6A2A5}.Release|Any CPU.ActiveCfg = Release|Any CPU
		{18E96188-C8A0-41FE-84CA-2BD508B6A2A5}.Release|Any CPU.Build.0 = Release|Any CPU
		{B3E7617D-F8E8-467B-9B27-8C083C9F826A}.Debug|Any CPU.ActiveCfg = Debug|Any CPU
		{B3E7617D-F8E8-467B-9B27-8C083C9F826A}.Debug|Any CPU.Build.0 = Debug|Any CPU
		{B3E7617D-F8E8-467B-9B27-8C083C9F826A}.Release|Any CPU.ActiveCfg = Release|Any CPU
		{B3E7617D-F8E8-467B-9B27-8C083C9F826A}.Release|Any CPU.Build.0 = Release|Any CPU
		{6F94BCB5-B157-40B4-8B44-4AFD2926453A}.Debug|Any CPU.ActiveCfg = Debug|Any CPU
		{6F94BCB5-B157-40B4-8B44-4AFD2926453A}.Debug|Any CPU.Build.0 = Debug|Any CPU
		{6F94BCB5-B157-40B4-8B44-4AFD2926453A}.Release|Any CPU.ActiveCfg = Release|Any CPU
		{6F94BCB5-B157-40B4-8B44-4AFD2926453A}.Release|Any CPU.Build.0 = Release|Any CPU
		{63A4FFDF-AD37-4793-8863-653618E87F65}.Debug|Any CPU.ActiveCfg = Debug|Any CPU
		{63A4FFDF-AD37-4793-8863-653618E87F65}.Debug|Any CPU.Build.0 = Debug|Any CPU
		{63A4FFDF-AD37-4793-8863-653618E87F65}.Release|Any CPU.ActiveCfg = Release|Any CPU
		{63A4FFDF-AD37-4793-8863-653618E87F65}.Release|Any CPU.Build.0 = Release|Any CPU
		{9698DCA4-7E19-4AB1-902F-27DBFD1E3D0A}.Debug|Any CPU.ActiveCfg = Debug|Any CPU
		{9698DCA4-7E19-4AB1-902F-27DBFD1E3D0A}.Debug|Any CPU.Build.0 = Debug|Any CPU
		{9698DCA4-7E19-4AB1-902F-27DBFD1E3D0A}.Release|Any CPU.ActiveCfg = Release|Any CPU
		{9698DCA4-7E19-4AB1-902F-27DBFD1E3D0A}.Release|Any CPU.Build.0 = Release|Any CPU
		{50618B35-AEBE-4A03-A1B2-376467B361D6}.Debug|Any CPU.ActiveCfg = Debug|Any CPU
		{50618B35-AEBE-4A03-A1B2-376467B361D6}.Debug|Any CPU.Build.0 = Debug|Any CPU
		{50618B35-AEBE-4A03-A1B2-376467B361D6}.Release|Any CPU.ActiveCfg = Release|Any CPU
		{50618B35-AEBE-4A03-A1B2-376467B361D6}.Release|Any CPU.Build.0 = Release|Any CPU
		{48FAEA9C-0E2A-47EF-B710-BC079762F6AF}.Debug|Any CPU.ActiveCfg = Debug|Any CPU
		{48FAEA9C-0E2A-47EF-B710-BC079762F6AF}.Debug|Any CPU.Build.0 = Debug|Any CPU
		{48FAEA9C-0E2A-47EF-B710-BC079762F6AF}.Release|Any CPU.ActiveCfg = Release|Any CPU
		{48FAEA9C-0E2A-47EF-B710-BC079762F6AF}.Release|Any CPU.Build.0 = Release|Any CPU
		{28C4FF21-E889-443A-BD5D-B00BF6BE0CC8}.Debug|Any CPU.ActiveCfg = Debug|Any CPU
		{28C4FF21-E889-443A-BD5D-B00BF6BE0CC8}.Debug|Any CPU.Build.0 = Debug|Any CPU
		{28C4FF21-E889-443A-BD5D-B00BF6BE0CC8}.Release|Any CPU.ActiveCfg = Release|Any CPU
		{28C4FF21-E889-443A-BD5D-B00BF6BE0CC8}.Release|Any CPU.Build.0 = Release|Any CPU
		{1A25C90F-602B-442C-99F8-5AFD7595CC38}.Debug|Any CPU.ActiveCfg = Debug|Any CPU
		{1A25C90F-602B-442C-99F8-5AFD7595CC38}.Debug|Any CPU.Build.0 = Debug|Any CPU
		{1A25C90F-602B-442C-99F8-5AFD7595CC38}.Release|Any CPU.ActiveCfg = Release|Any CPU
		{1A25C90F-602B-442C-99F8-5AFD7595CC38}.Release|Any CPU.Build.0 = Release|Any CPU
		{B055FB89-3E74-40F1-9F92-911C62221E6B}.Debug|Any CPU.ActiveCfg = Debug|Any CPU
		{B055FB89-3E74-40F1-9F92-911C62221E6B}.Debug|Any CPU.Build.0 = Debug|Any CPU
		{B055FB89-3E74-40F1-9F92-911C62221E6B}.Release|Any CPU.ActiveCfg = Release|Any CPU
		{B055FB89-3E74-40F1-9F92-911C62221E6B}.Release|Any CPU.Build.0 = Release|Any CPU
		{F5ED6EBD-0EB8-4A92-85FB-953106919C4B}.Debug|Any CPU.ActiveCfg = Debug|Any CPU
		{F5ED6EBD-0EB8-4A92-85FB-953106919C4B}.Debug|Any CPU.Build.0 = Debug|Any CPU
		{F5ED6EBD-0EB8-4A92-85FB-953106919C4B}.Release|Any CPU.ActiveCfg = Release|Any CPU
		{F5ED6EBD-0EB8-4A92-85FB-953106919C4B}.Release|Any CPU.Build.0 = Release|Any CPU
		{2CD672C9-3548-4A21-9267-DF40EC55F835}.Debug|Any CPU.ActiveCfg = Debug|Any CPU
		{2CD672C9-3548-4A21-9267-DF40EC55F835}.Debug|Any CPU.Build.0 = Debug|Any CPU
		{2CD672C9-3548-4A21-9267-DF40EC55F835}.Release|Any CPU.ActiveCfg = Release|Any CPU
		{2CD672C9-3548-4A21-9267-DF40EC55F835}.Release|Any CPU.Build.0 = Release|Any CPU
		{E19EDCF0-65E1-47A8-AE55-C0663DF6DFAC}.Debug|Any CPU.ActiveCfg = Debug|Any CPU
		{E19EDCF0-65E1-47A8-AE55-C0663DF6DFAC}.Debug|Any CPU.Build.0 = Debug|Any CPU
		{E19EDCF0-65E1-47A8-AE55-C0663DF6DFAC}.Release|Any CPU.ActiveCfg = Release|Any CPU
		{E19EDCF0-65E1-47A8-AE55-C0663DF6DFAC}.Release|Any CPU.Build.0 = Release|Any CPU
	EndGlobalSection
	GlobalSection(SolutionProperties) = preSolution
		HideSolutionNode = FALSE
	EndGlobalSection
	GlobalSection(NestedProjects) = preSolution
		{B16D76A5-9C20-45CF-B071-471D8DF4341D} = {91E68953-B9B9-4E04-9943-71CD46701A36}
		{2D6114BF-8B8C-4F83-851F-EF60739B57E8} = {B16D76A5-9C20-45CF-B071-471D8DF4341D}
		{8F22233E-B89E-4CC2-AC73-B2D127F725B9} = {B16D76A5-9C20-45CF-B071-471D8DF4341D}
		{69A836AC-48BC-47C0-A523-F33B0C94A9C1} = {B16D76A5-9C20-45CF-B071-471D8DF4341D}
		{2C9EF5B0-DD8D-4ADE-A4C9-4BC65DBAA04F} = {B16D76A5-9C20-45CF-B071-471D8DF4341D}
		{DB726AAD-1826-44EA-AA29-98FC65E5648E} = {91E68953-B9B9-4E04-9943-71CD46701A36}
		{00ECFF45-5A81-47D5-B038-A90D32A48CCA} = {DB726AAD-1826-44EA-AA29-98FC65E5648E}
		{18E96188-C8A0-41FE-84CA-2BD508B6A2A5} = {DB726AAD-1826-44EA-AA29-98FC65E5648E}
		{B3E7617D-F8E8-467B-9B27-8C083C9F826A} = {DB726AAD-1826-44EA-AA29-98FC65E5648E}
		{6F94BCB5-B157-40B4-8B44-4AFD2926453A} = {DB726AAD-1826-44EA-AA29-98FC65E5648E}
		{0C04E7CC-42F8-4CA1-A770-3721E6E00C18} = {91E68953-B9B9-4E04-9943-71CD46701A36}
		{63A4FFDF-AD37-4793-8863-653618E87F65} = {0C04E7CC-42F8-4CA1-A770-3721E6E00C18}
		{9698DCA4-7E19-4AB1-902F-27DBFD1E3D0A} = {0C04E7CC-42F8-4CA1-A770-3721E6E00C18}
		{50618B35-AEBE-4A03-A1B2-376467B361D6} = {0C04E7CC-42F8-4CA1-A770-3721E6E00C18}
		{48FAEA9C-0E2A-47EF-B710-BC079762F6AF} = {0C04E7CC-42F8-4CA1-A770-3721E6E00C18}
		{07934136-FAA3-4401-A821-F1C5917AFE45} = {91E68953-B9B9-4E04-9943-71CD46701A36}
		{28C4FF21-E889-443A-BD5D-B00BF6BE0CC8} = {07934136-FAA3-4401-A821-F1C5917AFE45}
		{1A25C90F-602B-442C-99F8-5AFD7595CC38} = {07934136-FAA3-4401-A821-F1C5917AFE45}
		{B055FB89-3E74-40F1-9F92-911C62221E6B} = {07934136-FAA3-4401-A821-F1C5917AFE45}
		{F5ED6EBD-0EB8-4A92-85FB-953106919C4B} = {07934136-FAA3-4401-A821-F1C5917AFE45}
		{2CD672C9-3548-4A21-9267-DF40EC55F835} = {B0E3E29F-6F3B-4A39-A74B-B86C8819F2F2}
		{E19EDCF0-65E1-47A8-AE55-C0663DF6DFAC} = {B0E3E29F-6F3B-4A39-A74B-B86C8819F2F2}
	EndGlobalSection
EndGlobal
